PODS:
  - boost-for-react-native (1.63.0)
  - DoubleConversion (1.1.5)
  - Folly (2016.09.26.00):
    - boost-for-react-native
    - DoubleConversion
    - glog
  - glog (0.3.4)
  - React (0.54.4):
    - React/Core (= 0.54.4)
  - react-native-camera (1.0.2):
    - React
    - react-native-camera/RCT (= 1.0.2)
    - react-native-camera/RN (= 1.0.2)
  - react-native-camera/RCT (1.0.2):
    - React
  - react-native-camera/RN (1.0.2):
    - React
  - React/Core (0.54.4):
    - yoga (= 0.54.4.React)
  - React/CxxBridge (0.54.4):
    - Folly (= 2016.09.26.00)
    - React/Core
    - React/cxxreact
  - React/cxxreact (0.54.4):
    - boost-for-react-native (= 1.63.0)
    - Folly (= 2016.09.26.00)
    - React/jschelpers
    - React/jsinspector
  - React/DevSupport (0.54.4):
    - React/Core
    - React/RCTWebSocket
  - React/fishhook (0.54.4)
  - React/jschelpers (0.54.4):
    - Folly (= 2016.09.26.00)
    - React/PrivateDatabase
  - React/jsinspector (0.54.4)
  - React/PrivateDatabase (0.54.4)
  - React/RCTAnimation (0.54.4):
    - React/Core
  - React/RCTBlob (0.54.4):
    - React/Core
  - React/RCTImage (0.54.4):
    - React/Core
    - React/RCTNetwork
  - React/RCTNetwork (0.54.4):
    - React/Core
  - React/RCTText (0.54.4):
    - React/Core
  - React/RCTWebSocket (0.54.4):
    - React/Core
    - React/fishhook
    - React/RCTBlob
  - RNGL (2.42.1)
  - RNSVG (6.3.1):
    - React
  - yoga (0.54.4.React)

DEPENDENCIES:
  - DoubleConversion (from `../node_modules/react-native/third-party-podspecs/DoubleConversion.podspec`)
  - Folly (from `../node_modules/react-native/third-party-podspecs/Folly.podspec`)
  - glog (from `../node_modules/react-native/third-party-podspecs/glog.podspec`)
  - react-native-camera (from `../node_modules/react-native-camera`)
  - React/Core (from `../node_modules/react-native`)
  - React/CxxBridge (from `../node_modules/react-native`)
  - React/DevSupport (from `../node_modules/react-native`)
  - React/RCTAnimation (from `../node_modules/react-native`)
  - React/RCTImage (from `../node_modules/react-native`)
  - React/RCTNetwork (from `../node_modules/react-native`)
  - React/RCTText (from `../node_modules/react-native`)
  - React/RCTWebSocket (from `../node_modules/react-native`)
  - RNGL (from `../node_modules/gl-react-native`)
  - RNSVG (from `../node_modules/react-native-svg`)
  - yoga (from `../node_modules/react-native/ReactCommon/yoga`)

SPEC REPOS:
  https://github.com/cocoapods/specs.git:
    - boost-for-react-native

EXTERNAL SOURCES:
  DoubleConversion:
    :podspec: "../node_modules/react-native/third-party-podspecs/DoubleConversion.podspec"
  Folly:
    :podspec: "../node_modules/react-native/third-party-podspecs/Folly.podspec"
  glog:
    :podspec: "../node_modules/react-native/third-party-podspecs/glog.podspec"
  React:
    :path: "../node_modules/react-native"
  react-native-camera:
    :path: "../node_modules/react-native-camera"
  RNGL:
    :path: "../node_modules/gl-react-native"
  RNSVG:
    :path: "../node_modules/react-native-svg"
  yoga:
    :path: "../node_modules/react-native/ReactCommon/yoga"

SPEC CHECKSUMS:
  boost-for-react-native: 39c7adb57c4e60d6c5479dd8623128eb5b3f0f2c
  DoubleConversion: ebb6747c5b66026ad4f97b789c3ceac6f18e57a6
  Folly: 211775e49d8da0ca658aebc8eab89d642935755c
  glog: 1de0bb937dccdc981596d3b5825ebfb765017ded
  React: c237e42de9c70e5cac6eeb52b4cfd3a0910c1f00
  react-native-camera: ab22041dcf0403d88f2ae4b9ea3ed2644e680423
  RNGL: 06b4d2d4c33da6fca2628b3e0923f78adda070e9
  RNSVG: 6252323c0312735f0af5f58b5adf2965b6a9ffbf
  yoga: 55da126afc384965b96bff46652464373b330add

PODFILE CHECKSUM: bcba8cddd3166bde383f7b8f8aad9b0f7778b181

COCOAPODS: 1.5.3
